Microsoft Visual Studio Solution File, Format Version 12.00
# Visual Studio 15
VisualStudioVersion = 15.0.28307.136
MinimumVisualStudioVersion = 10.0.40219.1
Project("{FAE04EC0-301F-11D3-BF4B-00C04F79EFBC}") = "DinoLingo.Android", "DinoLingo.Android\DinoLingo.Android.csproj", "{CBF186D0-CF58-4D63-A249-46483F948AF2}"
EndProject
Project("{FAE04EC0-301F-11D3-BF4B-00C04F79EFBC}") = "DinoLingo.iOS", "DinoLingo.iOS\DinoLingo.iOS.csproj", "{C73F60AC-8FE0-4164-8429-CAE5D7F0E6AA}"
EndProject
Project("{9A19103F-16F7-4668-BE54-9A1E7A4F7556}") = "DinoLingo", "DinoLingo\DinoLingo.csproj", "{7172AE3B-966C-400B-8755-E5A0B8E39420}"
EndProject
Global
	GlobalSection(SolutionConfigurationPlatforms) = preSolution
		Ad-Hoc|Any CPU = Ad-Hoc|Any CPU
		Ad-Hoc|iPhone = Ad-Hoc|iPhone
		Ad-Hoc|iPhoneSimulator = Ad-Hoc|iPhoneSimulator
		AppStore|Any CPU = AppStore|Any CPU
		AppStore|iPhone = AppStore|iPhone
		AppStore|iPhoneSimulator = AppStore|iPhoneSimulator
		Debug|Any CPU = Debug|Any CPU
		Debug|iPhone = Debug|iPhone
		Debug|iPhoneSimulator = Debug|iPhoneSimulator
		Release|Any CPU = Release|Any CPU
		Release|iPhone = Release|iPhone
		Release|iPhoneSimulator = Release|iPhoneSimulator
	EndGlobalSection
	GlobalSection(ProjectConfigurationPlatforms) = postSolution
		{CBF186D0-CF58-4D63-A249-46483F948AF2}.Ad-Hoc|Any CPU.ActiveCfg = Release|Any CPU
		{CBF186D0-CF58-4D63-A249-46483F948AF2}.Ad-Hoc|Any CPU.Build.0 = Release|Any CPU
		{CBF186D0-CF58-4D63-A249-46483F948AF2}.Ad-Hoc|Any CPU.Deploy.0 = Release|Any CPU
		{CBF186D0-CF58-4D63-A249-46483F948AF2}.Ad-Hoc|iPhone.ActiveCfg = Debug|Any CPU
		{CBF186D0-CF58-4D63-A249-46483F948AF2}.Ad-Hoc|iPhone.Build.0 = Debug|Any CPU
		{CBF186D0-CF58-4D63-A249-46483F948AF2}.Ad-Hoc|iPhoneSimulator.ActiveCfg = Release|Any CPU
		{CBF186D0-CF58-4D63-A249-46483F948AF2}.Ad-Hoc|iPhoneSimulator.Build.0 = Release|Any CPU
		{CBF186D0-CF58-4D63-A249-46483F948AF2}.Ad-Hoc|iPhoneSimulator.Deploy.0 = Release|Any CPU
		{CBF186D0-CF58-4D63-A249-46483F948AF2}.AppStore|Any CPU.ActiveCfg = Release|Any CPU
		{CBF186D0-CF58-4D63-A249-46483F948AF2}.AppStore|Any CPU.Build.0 = Release|Any CPU
		{CBF186D0-CF58-4D63-A249-46483F948AF2}.AppStore|Any CPU.Deploy.0 = Release|Any CPU
		{CBF186D0-CF58-4D63-A249-46483F948AF2}.AppStore|iPhone.ActiveCfg = Debug|Any CPU
		{CBF186D0-CF58-4D63-A249-46483F948AF2}.AppStore|iPhone.Build.0 = Debug|Any CPU
		{CBF186D0-CF58-4D63-A249-46483F948AF2}.AppStore|iPhoneSimulator.ActiveCfg = Release|Any CPU
		{CBF186D0-CF58-4D63-A249-46483F948AF2}.AppStore|iPhoneSimulator.Build.0 = Release|Any CPU
		{CBF186D0-CF58-4D63-A249-46483F948AF2}.AppStore|iPhoneSimulator.Deploy.0 = Release|Any CPU
		{CBF186D0-CF58-4D63-A249-46483F948AF2}.Debug|Any CPU.ActiveCfg = Debug|Any CPU
		{CBF186D0-CF58-4D63-A249-46483F948AF2}.Debug|Any CPU.Build.0 = Debug|Any CPU
		{CBF186D0-CF58-4D63-A249-46483F948AF2}.Debug|Any CPU.Deploy.0 = Debug|Any CPU
		{CBF186D0-CF58-4D63-A249-46483F948AF2}.Debug|iPhone.ActiveCfg = Debug|Any CPU
		{CBF186D0-CF58-4D63-A249-46483F948AF2}.Debug|iPhone.Build.0 = Debug|Any CPU
		{CBF186D0-CF58-4D63-A249-46483F948AF2}.Debug|iPhoneSimulator.ActiveCfg = Debug|Any CPU
		{CBF186D0-CF58-4D63-A249-46483F948AF2}.Debug|iPhoneSimulator.Build.0 = Debug|Any CPU
		{CBF186D0-CF58-4D63-A249-46483F948AF2}.Release|Any CPU.ActiveCfg = Release|Any CPU
		{CBF186D0-CF58-4D63-A249-46483F948AF2}.Release|Any CPU.Build.0 = Release|Any CPU
		{CBF186D0-CF58-4D63-A249-46483F948AF2}.Release|iPhone.ActiveCfg = Release|Any CPU
		{CBF186D0-CF58-4D63-A249-46483F948AF2}.Release|iPhone.Build.0 = Release|Any CPU
		{CBF186D0-CF58-4D63-A249-46483F948AF2}.Release|iPhoneSimulator.ActiveCfg = Release|Any CPU
		{CBF186D0-CF58-4D63-A249-46483F948AF2}.Release|iPhoneSimulator.Build.0 = Release|Any CPU
		{C73F60AC-8FE0-4164-8429-CAE5D7F0E6AA}.Ad-Hoc|Any CPU.ActiveCfg = Ad-Hoc|iPhoneSimulator
		{C73F60AC-8FE0-4164-8429-CAE5D7F0E6AA}.Ad-Hoc|iPhone.ActiveCfg = Ad-Hoc|iPhone
		{C73F60AC-8FE0-4164-8429-CAE5D7F0E6AA}.Ad-Hoc|iPhone.Build.0 = Ad-Hoc|iPhone
		{C73F60AC-8FE0-4164-8429-CAE5D7F0E6AA}.Ad-Hoc|iPhoneSimulator.ActiveCfg = Ad-Hoc|iPhoneSimulator
		{C73F60AC-8FE0-4164-8429-CAE5D7F0E6AA}.Ad-Hoc|iPhoneSimulator.Build.0 = Ad-Hoc|iPhoneSimulator
		{C73F60AC-8FE0-4164-8429-CAE5D7F0E6AA}.AppStore|Any CPU.ActiveCfg = AppStore|iPhoneSimulator
		{C73F60AC-8FE0-4164-8429-CAE5D7F0E6AA}.AppStore|iPhone.ActiveCfg = AppStore|iPhone
		{C73F60AC-8FE0-4164-8429-CAE5D7F0E6AA}.AppStore|iPhone.Build.0 = AppStore|iPhone
		{C73F60AC-8FE0-4164-8429-CAE5D7F0E6AA}.AppStore|iPhoneSimulator.ActiveCfg = AppStore|iPhoneSimulator
		{C73F60AC-8FE0-4164-8429-CAE5D7F0E6AA}.AppStore|iPhoneSimulator.Build.0 = AppStore|iPhoneSimulator
		{C73F60AC-8FE0-4164-8429-CAE5D7F0E6AA}.Debug|Any CPU.ActiveCfg = Debug|iPhoneSimulator
		{C73F60AC-8FE0-4164-8429-CAE5D7F0E6AA}.Debug|Any CPU.Build.0 = Debug|iPhoneSimulator
		{C73F60AC-8FE0-4164-8429-CAE5D7F0E6AA}.Debug|iPhone.ActiveCfg = Debug|iPhone
		{C73F60AC-8FE0-4164-8429-CAE5D7F0E6AA}.Debug|iPhone.Build.0 = Debug|iPhone
		{C73F60AC-8FE0-4164-8429-CAE5D7F0E6AA}.Debug|iPhoneSimulator.ActiveCfg = Debug|iPhoneSimulator
		{C73F60AC-8FE0-4164-8429-CAE5D7F0E6AA}.Debug|iPhoneSimulator.Build.0 = Debug|iPhoneSimulator
		{C73F60AC-8FE0-4164-8429-CAE5D7F0E6AA}.Release|Any CPU.ActiveCfg = Release|iPhoneSimulator
		{C73F60AC-8FE0-4164-8429-CAE5D7F0E6AA}.Release|Any CPU.Build.0 = Release|iPhoneSimulator
		{C73F60AC-8FE0-4164-8429-CAE5D7F0E6AA}.Release|iPhone.ActiveCfg = Release|iPhone
		{C73F60AC-8FE0-4164-8429-CAE5D7F0E6AA}.Release|iPhone.Build.0 = Release|iPhone
		{C73F60AC-8FE0-4164-8429-CAE5D7F0E6AA}.Release|iPhoneSimulator.ActiveCfg = Release|iPhoneSimulator
		{C73F60AC-8FE0-4164-8429-CAE5D7F0E6AA}.Release|iPhoneSimulator.Build.0 = Release|iPhoneSimulator
		{7172AE3B-966C-400B-8755-E5A0B8E39420}.Ad-Hoc|Any CPU.ActiveCfg = Release|Any CPU
		{7172AE3B-966C-400B-8755-E5A0B8E39420}.Ad-Hoc|Any CPU.Build.0 = Release|Any CPU
		{7172AE3B-966C-400B-8755-E5A0B8E39420}.Ad-Hoc|iPhone.ActiveCfg = Debug|Any CPU
		{7172AE3B-966C-400B-8755-E5A0B8E39420}.Ad-Hoc|iPhone.Build.0 = Debug|Any CPU
		{7172AE3B-966C-400B-8755-E5A0B8E39420}.Ad-Hoc|iPhoneSimulator.ActiveCfg = Release|Any CPU
		{7172AE3B-966C-400B-8755-E5A0B8E39420}.Ad-Hoc|iPhoneSimulator.Build.0 = Release|Any CPU
		{7172AE3B-966C-400B-8755-E5A0B8E39420}.AppStore|Any CPU.ActiveCfg = Release|Any CPU
		{7172AE3B-966C-400B-8755-E5A0B8E39420}.AppStore|Any CPU.Build.0 = Release|Any CPU
		{7172AE3B-966C-400B-8755-E5A0B8E39420}.AppStore|iPhone.ActiveCfg = Debug|Any CPU
		{7172AE3B-966C-400B-8755-E5A0B8E39420}.AppStore|iPhone.Build.0 = Debug|Any CPU
		{7172AE3B-966C-400B-8755-E5A0B8E39420}.AppStore|iPhoneSimulator.ActiveCfg = Release|Any CPU
		{7172AE3B-966C-400B-8755-E5A0B8E39420}.AppStore|iPhoneSimulator.Build.0 = Release|Any CPU
		{7172AE3B-966C-400B-8755-E5A0B8E39420}.Debug|Any CPU.ActiveCfg = Debug|Any CPU
		{7172AE3B-966C-400B-8755-E5A0B8E39420}.Debug|Any CPU.Build.0 = Debug|Any CPU
		{7172AE3B-966C-400B-8755-E5A0B8E39420}.Debug|iPhone.ActiveCfg = Debug|Any CPU
		{7172AE3B-966C-400B-8755-E5A0B8E39420}.Debug|iPhone.Build.0 = Debug|Any CPU
		{7172AE3B-966C-400B-8755-E5A0B8E39420}.Debug|iPhoneSimulator.ActiveCfg = Debug|Any CPU
		{7172AE3B-966C-400B-8755-E5A0B8E39420}.Debug|iPhoneSimulator.Build.0 = Debug|Any CPU
		{7172AE3B-966C-400B-8755-E5A0B8E39420}.Release|Any CPU.ActiveCfg = Release|Any CPU
		{7172AE3B-966C-400B-8755-E5A0B8E39420}.Release|Any CPU.Build.0 = Release|Any CPU
		{7172AE3B-966C-400B-8755-E5A0B8E39420}.Release|iPhone.ActiveCfg = Release|Any CPU
		{7172AE3B-966C-400B-8755-E5A0B8E39420}.Release|iPhone.Build.0 = Release|Any CPU
		{7172AE3B-966C-400B-8755-E5A0B8E39420}.Release|iPhoneSimulator.ActiveCfg = Release|Any CPU
		{7172AE3B-966C-400B-8755-E5A0B8E39420}.Release|iPhoneSimulator.Build.0 = Release|Any CPU
	EndGlobalSection
	GlobalSection(SolutionProperties) = preSolution
		HideSolutionNode = FALSE
	EndGlobalSection
	GlobalSection(ExtensibilityGlobals) = postSolution
		SolutionGuid = {624E0FBF-7ED1-418A-9D08-B6FFCCFFB2F0}
	EndGlobalSection
EndGlobal
